// !$*UTF8*$!
{
	archiveVersion = 1;
	classes = {
	};
	objectVersion = 56;
	objects = {

/* Begin PBXBuildFile section */
		B63B8B812DE4279B0071A658 /* GroupAnalyzer.swift in Sources */ = {isa = PBXBuildFile; fileRef = B63B8B802DE4279B0071A658 /* GroupAnalyzer.swift */; };
		B63B8B832DE43AFA0071A658 /* CGFloat+Extension.swift in Sources */ = {isa = PBXBuildFile; fileRef = B63B8B822DE43AFA0071A658 /* CGFloat+Extension.swift */; };
		B63EA6952DFCFABC00ABE47A /* IconButton.swift in Sources */ = {isa = PBXBuildFile; fileRef = B63EA6942DFCFABC00ABE47A /* IconButton.swift */; };
		B64CCDB02DD9BBED00C71919 /* ToastView.swift in Sources */ = {isa = PBXBuildFile; fileRef = B64CCDAF2DD9BBED00C71919 /* ToastView.swift */; };
		B64CCDB62DE0285300C71919 /* StoreModel+Versioning.swift in Sources */ = {isa = PBXBuildFile; fileRef = B64CCDB52DE0284400C71919 /* StoreModel+Versioning.swift */; };
		B69BD7362DF5444F00A80F3C /* MainTabsScreen.swift in Sources */ = {isa = PBXBuildFile; fileRef = B69BD7352DF5444F00A80F3C /* MainTabsScreen.swift */; };
		B6B764562DE7B870002F51CB /* ConfirmationView.swift in Sources */ = {isa = PBXBuildFile; fileRef = B6B764552DE7B870002F51CB /* ConfirmationView.swift */; };
		B6B764582DE93E29002F51CB /* Enums.swift in Sources */ = {isa = PBXBuildFile; fileRef = B6B764572DE93E29002F51CB /* Enums.swift */; };
		B6B7645A2DE96375002F51CB /* StyleGuide.swift in Sources */ = {isa = PBXBuildFile; fileRef = B6B764592DE96373002F51CB /* StyleGuide.swift */; };
		B6B7645C2DE988F5002F51CB /* Comparable+Extension.swift in Sources */ = {isa = PBXBuildFile; fileRef = B6B7645B2DE988EE002F51CB /* Comparable+Extension.swift */; };
		B6B7645E2DF0AB56002F51CB /* ListCell.swift in Sources */ = {isa = PBXBuildFile; fileRef = B6B7645D2DF0AB56002F51CB /* ListCell.swift */; };
		B6B764602DF2A229002F51CB /* AlertManager.swift in Sources */ = {isa = PBXBuildFile; fileRef = B6B7645F2DF2A229002F51CB /* AlertManager.swift */; };
		B6B764622DF3E65D002F51CB /* KeyValueCell.swift in Sources */ = {isa = PBXBuildFile; fileRef = B6B764612DF3E65D002F51CB /* KeyValueCell.swift */; };
		B6B764642DF3EE72002F51CB /* ButtonCell.swift in Sources */ = {isa = PBXBuildFile; fileRef = B6B764632DF3EE72002F51CB /* ButtonCell.swift */; };
		B6B764662DF4830F002F51CB /* PrimaryButton.swift in Sources */ = {isa = PBXBuildFile; fileRef = B6B764652DF4830F002F51CB /* PrimaryButton.swift */; };
		B6CEA8532DF66F7E007ABEFD /* Backup.json in Resources */ = {isa = PBXBuildFile; fileRef = B6CEA8522DF66F7E007ABEFD /* Backup.json */; };
		B6CEA8552DF678E8007ABEFD /* TuningScreen.swift in Sources */ = {isa = PBXBuildFile; fileRef = B6CEA8542DF678E8007ABEFD /* TuningScreen.swift */; };
		B6E3D9522DF7E0D10015F54C /* EndCell.swift in Sources */ = {isa = PBXBuildFile; fileRef = B6E3D9512DF7E0D10015F54C /* EndCell.swift */; };
		B6E3D9542DF7E0E10015F54C /* TotalCell.swift in Sources */ = {isa = PBXBuildFile; fileRef = B6E3D9532DF7E0E10015F54C /* TotalCell.swift */; };
		B6E3D9562DF7E3310015F54C /* TargetControlView.swift in Sources */ = {isa = PBXBuildFile; fileRef = B6E3D9552DF7E3310015F54C /* TargetControlView.swift */; };
		B6EA65832DFA82D8005393AA /* TuningEditorScreen.swift in Sources */ = {isa = PBXBuildFile; fileRef = B6EA65822DFA82D8005393AA /* TuningEditorScreen.swift */; };
		FA2A81822CE7DA2E008A4C08 /* NavManager.swift in Sources */ = {isa = PBXBuildFile; fileRef = FA2A81812CE7DA2E008A4C08 /* NavManager.swift */; };
		FA78F25E2C361D5300A4ABA5 /* Models.swift in Sources */ = {isa = PBXBuildFile; fileRef = FA78F25D2C361D5300A4ABA5 /* Models.swift */; };
		FAA521B12B369C6B00B52E95 /* SettingsScreen.swift in Sources */ = {isa = PBXBuildFile; fileRef = FAA521B02B369C6B00B52E95 /* SettingsScreen.swift */; };
		FACB2AD42B3D178F0085B1FF /* DateFormatter+Extension.swift in Sources */ = {isa = PBXBuildFile; fileRef = FACB2AD32B3D178F0085B1FF /* DateFormatter+Extension.swift */; };
		FAEC07D72B142AF200841E80 /* ArcheryAnalytics_SwiftUIApp.swift in Sources */ = {isa = PBXBuildFile; fileRef = FAEC07D62B142AF200841E80 /* ArcheryAnalytics_SwiftUIApp.swift */; };
		FAEC07D92B142AF200841E80 /* RoundsScreen.swift in Sources */ = {isa = PBXBuildFile; fileRef = FAEC07D82B142AF200841E80 /* RoundsScreen.swift */; };
		FAEC07DB2B142AF800841E80 /* Assets.xcassets in Resources */ = {isa = PBXBuildFile; fileRef = FAEC07DA2B142AF800841E80 /* Assets.xcassets */; };
		FAEC07DE2B142AF800841E80 /* Preview Assets.xcassets in Resources */ = {isa = PBXBuildFile; fileRef = FAEC07DD2B142AF800841E80 /* Preview Assets.xcassets */; };
		FAEC07E62B142B0B00841E80 /* StoreModel.swift in Sources */ = {isa = PBXBuildFile; fileRef = FAEC07E52B142B0B00841E80 /* StoreModel.swift */; };
		FAEC07E92B14398C00841E80 /* RoundEditorScreen.swift in Sources */ = {isa = PBXBuildFile; fileRef = FAEC07E82B14398B00841E80 /* RoundEditorScreen.swift */; };
		FAFDBE442B43C3A10037389B /* Sample.json in Resources */ = {isa = PBXBuildFile; fileRef = FAFDBE432B43C3A00037389B /* Sample.json */; };
		FAFF4FA92B146D8D00FB1D33 /* TargetDetectorView.swift in Sources */ = {isa = PBXBuildFile; fileRef = FAFF4FA82B146D8D00FB1D33 /* TargetDetectorView.swift */; };
		FAFF4FAD2B1AE8E000FB1D33 /* CGPoint+Extension.swift in Sources */ = {isa = PBXBuildFile; fileRef = FAFF4FAC2B1AE8E000FB1D33 /* CGPoint+Extension.swift */; };
/* End PBXBuildFile section */

/* Begin PBXFileReference section */
		B63B8B802DE4279B0071A658 /* GroupAnalyzer.swift */ = {isa = PBXFileReference; lastKnownFileType = sourcecode.swift; path = GroupAnalyzer.swift; sourceTree = "<group>"; };
		B63B8B822DE43AFA0071A658 /* CGFloat+Extension.swift */ = {isa = PBXFileReference; lastKnownFileType = sourcecode.swift; path = "CGFloat+Extension.swift"; sourceTree = "<group>"; };
		B63EA6942DFCFABC00ABE47A /* IconButton.swift */ = {isa = PBXFileReference; lastKnownFileType = sourcecode.swift; path = IconButton.swift; sourceTree = "<group>"; };
		B64CCDAF2DD9BBED00C71919 /* ToastView.swift */ = {isa = PBXFileReference; lastKnownFileType = sourcecode.swift; path = ToastView.swift; sourceTree = "<group>"; };
		B64CCDB52DE0284400C71919 /* StoreModel+Versioning.swift */ = {isa = PBXFileReference; lastKnownFileType = sourcecode.swift; path = "StoreModel+Versioning.swift"; sourceTree = "<group>"; };
		B69BD7352DF5444F00A80F3C /* MainTabsScreen.swift */ = {isa = PBXFileReference; lastKnownFileType = sourcecode.swift; path = MainTabsScreen.swift; sourceTree = "<group>"; };
		B6B764552DE7B870002F51CB /* ConfirmationView.swift */ = {isa = PBXFileReference; lastKnownFileType = sourcecode.swift; path = ConfirmationView.swift; sourceTree = "<group>"; };
		B6B764572DE93E29002F51CB /* Enums.swift */ = {isa = PBXFileReference; lastKnownFileType = sourcecode.swift; path = Enums.swift; sourceTree = "<group>"; };
		B6B764592DE96373002F51CB /* StyleGuide.swift */ = {isa = PBXFileReference; lastKnownFileType = sourcecode.swift; path = StyleGuide.swift; sourceTree = "<group>"; };
		B6B7645B2DE988EE002F51CB /* Comparable+Extension.swift */ = {isa = PBXFileReference; lastKnownFileType = sourcecode.swift; path = "Comparable+Extension.swift"; sourceTree = "<group>"; };
		B6B7645D2DF0AB56002F51CB /* ListCell.swift */ = {isa = PBXFileReference; lastKnownFileType = sourcecode.swift; path = ListCell.swift; sourceTree = "<group>"; };
		B6B7645F2DF2A229002F51CB /* AlertManager.swift */ = {isa = PBXFileReference; lastKnownFileType = sourcecode.swift; path = AlertManager.swift; sourceTree = "<group>"; };
		B6B764612DF3E65D002F51CB /* KeyValueCell.swift */ = {isa = PBXFileReference; lastKnownFileType = sourcecode.swift; path = KeyValueCell.swift; sourceTree = "<group>"; };
		B6B764632DF3EE72002F51CB /* ButtonCell.swift */ = {isa = PBXFileReference; lastKnownFileType = sourcecode.swift; path = ButtonCell.swift; sourceTree = "<group>"; };
		B6B764652DF4830F002F51CB /* PrimaryButton.swift */ = {isa = PBXFileReference; lastKnownFileType = sourcecode.swift; path = PrimaryButton.swift; sourceTree = "<group>"; };
		B6CEA8522DF66F7E007ABEFD /* Backup.json */ = {isa = PBXFileReference; lastKnownFileType = text.json; path = Backup.json; sourceTree = "<group>"; };
		B6CEA8542DF678E8007ABEFD /* TuningScreen.swift */ = {isa = PBXFileReference; lastKnownFileType = sourcecode.swift; path = TuningScreen.swift; sourceTree = "<group>"; };
		B6E3D9512DF7E0D10015F54C /* EndCell.swift */ = {isa = PBXFileReference; lastKnownFileType = sourcecode.swift; path = EndCell.swift; sourceTree = "<group>"; };
		B6E3D9532DF7E0E10015F54C /* TotalCell.swift */ = {isa = PBXFileReference; lastKnownFileType = sourcecode.swift; path = TotalCell.swift; sourceTree = "<group>"; };
		B6E3D9552DF7E3310015F54C /* TargetControlView.swift */ = {isa = PBXFileReference; lastKnownFileType = sourcecode.swift; path = TargetControlView.swift; sourceTree = "<group>"; };
		B6EA65822DFA82D8005393AA /* TuningEditorScreen.swift */ = {isa = PBXFileReference; lastKnownFileType = sourcecode.swift; path = TuningEditorScreen.swift; sourceTree = "<group>"; };
		FA2A81812CE7DA2E008A4C08 /* NavManager.swift */ = {isa = PBXFileReference; lastKnownFileType = sourcecode.swift; path = NavManager.swift; sourceTree = "<group>"; };
		FA78F25D2C361D5300A4ABA5 /* Models.swift */ = {isa = PBXFileReference; lastKnownFileType = sourcecode.swift; path = Models.swift; sourceTree = "<group>"; };
		FAA521B02B369C6B00B52E95 /* SettingsScreen.swift */ = {isa = PBXFileReference; lastKnownFileType = sourcecode.swift; path = SettingsScreen.swift; sourceTree = "<group>"; };
		FACB2AD32B3D178F0085B1FF /* DateFormatter+Extension.swift */ = {isa = PBXFileReference; lastKnownFileType = sourcecode.swift; path = "DateFormatter+Extension.swift"; sourceTree = "<group>"; };
		FAEC07D32B142AF200841E80 /* ArcheryAnalytics-SwiftUI.app */ = {isa = PBXFileReference; explicitFileType = wrapper.application; includeInIndex = 0; path = "ArcheryAnalytics-SwiftUI.app"; sourceTree = BUILT_PRODUCTS_DIR; };
		FAEC07D62B142AF200841E80 /* ArcheryAnalytics_SwiftUIApp.swift */ = {isa = PBXFileReference; lastKnownFileType = sourcecode.swift; path = ArcheryAnalytics_SwiftUIApp.swift; sourceTree = "<group>"; };
		FAEC07D82B142AF200841E80 /* RoundsScreen.swift */ = {isa = PBXFileReference; lastKnownFileType = sourcecode.swift; path = RoundsScreen.swift; sourceTree = "<group>"; };
		FAEC07DA2B142AF800841E80 /* Assets.xcassets */ = {isa = PBXFileReference; lastKnownFileType = folder.assetcatalog; path = Assets.xcassets; sourceTree = "<group>"; };
		FAEC07DD2B142AF800841E80 /* Preview Assets.xcassets */ = {isa = PBXFileReference; lastKnownFileType = folder.assetcatalog; path = "Preview Assets.xcassets"; sourceTree = "<group>"; };
		FAEC07E52B142B0B00841E80 /* StoreModel.swift */ = {isa = PBXFileReference; lastKnownFileType = sourcecode.swift; path = StoreModel.swift; sourceTree = "<group>"; };
		FAEC07E82B14398B00841E80 /* RoundEditorScreen.swift */ = {isa = PBXFileReference; lastKnownFileType = sourcecode.swift; path = RoundEditorScreen.swift; sourceTree = "<group>"; };
		FAFDBE432B43C3A00037389B /* Sample.json */ = {isa = PBXFileReference; lastKnownFileType = text.json; path = Sample.json; sourceTree = "<group>"; };
		FAFF4FA82B146D8D00FB1D33 /* TargetDetectorView.swift */ = {isa = PBXFileReference; lastKnownFileType = sourcecode.swift; path = TargetDetectorView.swift; sourceTree = "<group>"; };
		FAFF4FAC2B1AE8E000FB1D33 /* CGPoint+Extension.swift */ = {isa = PBXFileReference; lastKnownFileType = sourcecode.swift; path = "CGPoint+Extension.swift"; sourceTree = "<group>"; };
/* End PBXFileReference section */

/* Begin PBXFrameworksBuildPhase section */
		FAEC07D02B142AF200841E80 /* Frameworks */ = {
			isa = PBXFrameworksBuildPhase;
			buildActionMask = 2147483647;
			files = (
			);
			runOnlyForDeploymentPostprocessing = 0;
		};
/* End PBXFrameworksBuildPhase section */

/* Begin PBXGroup section */
		B63B8B7F2DE424450071A658 /* Utils */ = {
			isa = PBXGroup;
			children = (
				B6B764592DE96373002F51CB /* StyleGuide.swift */,
			);
			path = Utils;
			sourceTree = "<group>";
		};
		B6CEA8562DF67ADC007ABEFD /* Features */ = {
			isa = PBXGroup;
			children = (
				B69BD7352DF5444F00A80F3C /* MainTabsScreen.swift */,
				B6CEA8572DF67AE4007ABEFD /* Rounds */,
				B6CEA8582DF67AEC007ABEFD /* Tuning */,
				B6CEA8592DF67AF5007ABEFD /* Settings */,
			);
			path = Features;
			sourceTree = "<group>";
		};
		B6CEA8572DF67AE4007ABEFD /* Rounds */ = {
			isa = PBXGroup;
			children = (
				FAEC07D82B142AF200841E80 /* RoundsScreen.swift */,
				FAEC07E82B14398B00841E80 /* RoundEditorScreen.swift */,
				B6E3D9552DF7E3310015F54C /* TargetControlView.swift */,
				B6E3D9512DF7E0D10015F54C /* EndCell.swift */,
				B6E3D9532DF7E0E10015F54C /* TotalCell.swift */,
			);
			path = Rounds;
			sourceTree = "<group>";
		};
		B6CEA8582DF67AEC007ABEFD /* Tuning */ = {
			isa = PBXGroup;
			children = (
				B6CEA8542DF678E8007ABEFD /* TuningScreen.swift */,
				B6EA65822DFA82D8005393AA /* TuningEditorScreen.swift */,
			);
			path = Tuning;
			sourceTree = "<group>";
		};
		B6CEA8592DF67AF5007ABEFD /* Settings */ = {
			isa = PBXGroup;
			children = (
				FAA521B02B369C6B00B52E95 /* SettingsScreen.swift */,
			);
			path = Settings;
			sourceTree = "<group>";
		};
		B6E3D9572DF8B9730015F54C /* Cells */ = {
			isa = PBXGroup;
			children = (
				B6B764632DF3EE72002F51CB /* ButtonCell.swift */,
				B6B764612DF3E65D002F51CB /* KeyValueCell.swift */,
				B6B7645D2DF0AB56002F51CB /* ListCell.swift */,
			);
			path = Cells;
			sourceTree = "<group>";
		};
		FA2A81802CE7DA08008A4C08 /* Managers */ = {
			isa = PBXGroup;
			children = (
				FA2A81812CE7DA2E008A4C08 /* NavManager.swift */,
				B6B7645F2DF2A229002F51CB /* AlertManager.swift */,
			);
			path = Managers;
			sourceTree = "<group>";
		};
		FAEC07CA2B142AF200841E80 = {
			isa = PBXGroup;
			children = (
				FAEC07D52B142AF200841E80 /* ArcheryAnalytics-SwiftUI */,
				FAEC07D42B142AF200841E80 /* Products */,
			);
			sourceTree = "<group>";
		};
		FAEC07D42B142AF200841E80 /* Products */ = {
			isa = PBXGroup;
			children = (
				FAEC07D32B142AF200841E80 /* ArcheryAnalytics-SwiftUI.app */,
			);
			name = Products;
			sourceTree = "<group>";
		};
		FAEC07D52B142AF200841E80 /* ArcheryAnalytics-SwiftUI */ = {
			isa = PBXGroup;
			children = (
				FAEC07D62B142AF200841E80 /* ArcheryAnalytics_SwiftUIApp.swift */,
				FA2A81802CE7DA08008A4C08 /* Managers */,
				FAEC07E42B142B0200841E80 /* Models */,
				B6CEA8562DF67ADC007ABEFD /* Features */,
				FAEC07E72B142EEC00841E80 /* Common */,
				FAFDBE422B43C3610037389B /* JSONS */,
				FAEC07DA2B142AF800841E80 /* Assets.xcassets */,
				FAEC07DC2B142AF800841E80 /* Preview Content */,
			);
			path = "ArcheryAnalytics-SwiftUI";
			sourceTree = "<group>";
		};
		FAEC07DC2B142AF800841E80 /* Preview Content */ = {
			isa = PBXGroup;
			children = (
				FAEC07DD2B142AF800841E80 /* Preview Assets.xcassets */,
			);
			path = "Preview Content";
			sourceTree = "<group>";
		};
		FAEC07E42B142B0200841E80 /* Models */ = {
			isa = PBXGroup;
			children = (
				FAEC07E52B142B0B00841E80 /* StoreModel.swift */,
				B64CCDB52DE0284400C71919 /* StoreModel+Versioning.swift */,
				FA78F25D2C361D5300A4ABA5 /* Models.swift */,
				B6B764572DE93E29002F51CB /* Enums.swift */,
				B63B8B802DE4279B0071A658 /* GroupAnalyzer.swift */,
			);
			path = Models;
			sourceTree = "<group>";
		};
		FAEC07E72B142EEC00841E80 /* Common */ = {
			isa = PBXGroup;
			children = (
				B6E3D9572DF8B9730015F54C /* Cells */,
				FAFF4FAB2B1AE8A400FB1D33 /* Extensions */,
				B63B8B7F2DE424450071A658 /* Utils */,
				B6B764552DE7B870002F51CB /* ConfirmationView.swift */,
				FAFF4FA82B146D8D00FB1D33 /* TargetDetectorView.swift */,
				B64CCDAF2DD9BBED00C71919 /* ToastView.swift */,
				B6B764652DF4830F002F51CB /* PrimaryButton.swift */,
				B63EA6942DFCFABC00ABE47A /* IconButton.swift */,
			);
			path = Common;
			sourceTree = "<group>";
		};
		FAFDBE422B43C3610037389B /* JSONS */ = {
			isa = PBXGroup;
			children = (
				B6CEA8522DF66F7E007ABEFD /* Backup.json */,
				FAFDBE432B43C3A00037389B /* Sample.json */,
			);
			path = JSONS;
			sourceTree = "<group>";
		};
		FAFF4FAB2B1AE8A400FB1D33 /* Extensions */ = {
			isa = PBXGroup;
			children = (
				B6B7645B2DE988EE002F51CB /* Comparable+Extension.swift */,
				FAFF4FAC2B1AE8E000FB1D33 /* CGPoint+Extension.swift */,
				B63B8B822DE43AFA0071A658 /* CGFloat+Extension.swift */,
				FACB2AD32B3D178F0085B1FF /* DateFormatter+Extension.swift */,
			);
			path = Extensions;
			sourceTree = "<group>";
		};
/* End PBXGroup section */

/* Begin PBXNativeTarget section */
		FAEC07D22B142AF200841E80 /* ArcheryAnalytics-SwiftUI */ = {
			isa = PBXNativeTarget;
			buildConfigurationList = FAEC07E12B142AF800841E80 /* Build configuration list for PBXNativeTarget "ArcheryAnalytics-SwiftUI" */;
			buildPhases = (
				FAEC07CF2B142AF200841E80 /* Sources */,
				FAEC07D02B142AF200841E80 /* Frameworks */,
				FAEC07D12B142AF200841E80 /* Resources */,
			);
			buildRules = (
			);
			dependencies = (
			);
			name = "ArcheryAnalytics-SwiftUI";
			productName = "ArcheryAnalytics-SwiftUI";
			productReference = FAEC07D32B142AF200841E80 /* ArcheryAnalytics-SwiftUI.app */;
			productType = "com.apple.product-type.application";
		};
/* End PBXNativeTarget section */

/* Begin PBXProject section */
		FAEC07CB2B142AF200841E80 /* Project object */ = {
			isa = PBXProject;
			attributes = {
				BuildIndependentTargetsInParallel = 1;
				LastSwiftUpdateCheck = 1500;
				LastUpgradeCheck = 1500;
				TargetAttributes = {
					FAEC07D22B142AF200841E80 = {
						CreatedOnToolsVersion = 15.0.1;
					};
				};
			};
			buildConfigurationList = FAEC07CE2B142AF200841E80 /* Build configuration list for PBXProject "ArcheryAnalytics-SwiftUI" */;
			compatibilityVersion = "Xcode 14.0";
			developmentRegion = en;
			hasScannedForEncodings = 0;
			knownRegions = (
				en,
				Base,
			);
			mainGroup = FAEC07CA2B142AF200841E80;
			productRefGroup = FAEC07D42B142AF200841E80 /* Products */;
			projectDirPath = "";
			projectRoot = "";
			targets = (
				FAEC07D22B142AF200841E80 /* ArcheryAnalytics-SwiftUI */,
			);
		};
/* End PBXProject section */

/* Begin PBXResourcesBuildPhase section */
		FAEC07D12B142AF200841E80 /* Resources */ = {
			isa = PBXResourcesBuildPhase;
			buildActionMask = 2147483647;
			files = (
				FAEC07DE2B142AF800841E80 /* Preview Assets.xcassets in Resources */,
				B6CEA8532DF66F7E007ABEFD /* Backup.json in Resources */,
				FAEC07DB2B142AF800841E80 /* Assets.xcassets in Resources */,
				FAFDBE442B43C3A10037389B /* Sample.json in Resources */,
			);
			runOnlyForDeploymentPostprocessing = 0;
		};
/* End PBXResourcesBuildPhase section */

/* Begin PBXSourcesBuildPhase section */
		FAEC07CF2B142AF200841E80 /* Sources */ = {
			isa = PBXSourcesBuildPhase;
			buildActionMask = 2147483647;
			files = (
				FAEC07D92B142AF200841E80 /* RoundsScreen.swift in Sources */,
				B6E3D9522DF7E0D10015F54C /* EndCell.swift in Sources */,
				FAA521B12B369C6B00B52E95 /* SettingsScreen.swift in Sources */,
				FAEC07E92B14398C00841E80 /* RoundEditorScreen.swift in Sources */,
				FAFF4FAD2B1AE8E000FB1D33 /* CGPoint+Extension.swift in Sources */,
				B6B7645E2DF0AB56002F51CB /* ListCell.swift in Sources */,
				B64CCDB02DD9BBED00C71919 /* ToastView.swift in Sources */,
				B63B8B812DE4279B0071A658 /* GroupAnalyzer.swift in Sources */,
				FAEC07D72B142AF200841E80 /* ArcheryAnalytics_SwiftUIApp.swift in Sources */,
				FA2A81822CE7DA2E008A4C08 /* NavManager.swift in Sources */,
				FAEC07E62B142B0B00841E80 /* StoreModel.swift in Sources */,
				B64CCDB62DE0285300C71919 /* StoreModel+Versioning.swift in Sources */,
				B6B764562DE7B870002F51CB /* ConfirmationView.swift in Sources */,
				B6E3D9562DF7E3310015F54C /* TargetControlView.swift in Sources */,
				B6CEA8552DF678E8007ABEFD /* TuningScreen.swift in Sources */,
				B6B764602DF2A229002F51CB /* AlertManager.swift in Sources */,
				B69BD7362DF5444F00A80F3C /* MainTabsScreen.swift in Sources */,
				B6B764622DF3E65D002F51CB /* KeyValueCell.swift in Sources */,
				B63EA6952DFCFABC00ABE47A /* IconButton.swift in Sources */,
				B6B7645A2DE96375002F51CB /* StyleGuide.swift in Sources */,
				B6EA65832DFA82D8005393AA /* TuningEditorScreen.swift in Sources */,
				FA78F25E2C361D5300A4ABA5 /* Models.swift in Sources */,
				FACB2AD42B3D178F0085B1FF /* DateFormatter+Extension.swift in Sources */,
				B63B8B832DE43AFA0071A658 /* CGFloat+Extension.swift in Sources */,
				B6B764582DE93E29002F51CB /* Enums.swift in Sources */,
				B6B764642DF3EE72002F51CB /* ButtonCell.swift in Sources */,
				B6B764662DF4830F002F51CB /* PrimaryButton.swift in Sources */,
				FAFF4FA92B146D8D00FB1D33 /* TargetDetectorView.swift in Sources */,
				B6E3D9542DF7E0E10015F54C /* TotalCell.swift in Sources */,
				B6B7645C2DE988F5002F51CB /* Comparable+Extension.swift in Sources */,
			);
			runOnlyForDeploymentPostprocessing = 0;
		};
/* End PBXSourcesBuildPhase section */

/* Begin XCBuildConfiguration section */
		FAEC07DF2B142AF800841E80 /* Debug */ = {
			isa = XCBuildConfiguration;
			buildSettings = {
				ALWAYS_SEARCH_USER_PATHS = NO;
				ASSETCATALOG_COMPILER_GENERATE_SWIFT_ASSET_SYMBOL_EXTENSIONS = YES;
				CLANG_ANALYZER_NONNULL = YES;
				CLANG_ANALYZER_NUMBER_OBJECT_CONVERSION = YES_AGGRESSIVE;
				CLANG_CXX_LANGUAGE_STANDARD = "gnu++20";
				CLANG_ENABLE_MODULES = YES;
				CLANG_ENABLE_OBJC_ARC = YES;
				CLANG_ENABLE_OBJC_WEAK = YES;
				CLANG_WARN_BLOCK_CAPTURE_AUTORELEASING = YES;
				CLANG_WARN_BOOL_CONVERSION = YES;
				CLANG_WARN_COMMA = YES;
				CLANG_WARN_CONSTANT_CONVERSION = YES;
				CLANG_WARN_DEPRECATED_OBJC_IMPLEMENTATIONS = YES;
				CLANG_WARN_DIRECT_OBJC_ISA_USAGE = YES_ERROR;
				CLANG_WARN_DOCUMENTATION_COMMENTS = YES;
				CLANG_WARN_EMPTY_BODY = YES;
				CLANG_WARN_ENUM_CONVERSION = YES;
				CLANG_WARN_INFINITE_RECURSION = YES;
				CLANG_WARN_INT_CONVERSION = YES;
				CLANG_WARN_NON_LITERAL_NULL_CONVERSION = YES;
				CLANG_WARN_OBJC_IMPLICIT_RETAIN_SELF = YES;
				CLANG_WARN_OBJC_LITERAL_CONVERSION = YES;
				CLANG_WARN_OBJC_ROOT_CLASS = YES_ERROR;
				CLANG_WARN_QUOTED_INCLUDE_IN_FRAMEWORK_HEADER = YES;
				CLANG_WARN_RANGE_LOOP_ANALYSIS = YES;
				CLANG_WARN_STRICT_PROTOTYPES = YES;
				CLANG_WARN_SUSPICIOUS_MOVE = YES;
				CLANG_WARN_UNGUARDED_AVAILABILITY = YES_AGGRESSIVE;
				CLANG_WARN_UNREACHABLE_CODE = YES;
				CLANG_WARN__DUPLICATE_METHOD_MATCH = YES;
				COPY_PHASE_STRIP = NO;
				DEBUG_INFORMATION_FORMAT = dwarf;
				ENABLE_STRICT_OBJC_MSGSEND = YES;
				ENABLE_TESTABILITY = YES;
				ENABLE_USER_SCRIPT_SANDBOXING = YES;
				GCC_C_LANGUAGE_STANDARD = gnu17;
				GCC_DYNAMIC_NO_PIC = NO;
				GCC_NO_COMMON_BLOCKS = YES;
				GCC_OPTIMIZATION_LEVEL = 0;
				GCC_PREPROCESSOR_DEFINITIONS = (
					"DEBUG=1",
					"$(inherited)",
				);
				GCC_WARN_64_TO_32_BIT_CONVERSION = YES;
				GCC_WARN_ABOUT_RETURN_TYPE = YES_ERROR;
				GCC_WARN_UNDECLARED_SELECTOR = YES;
				GCC_WARN_UNINITIALIZED_AUTOS = YES_AGGRESSIVE;
				GCC_WARN_UNUSED_FUNCTION = YES;
				GCC_WARN_UNUSED_VARIABLE = YES;
				IPHONEOS_DEPLOYMENT_TARGET = 17.5;
				LOCALIZATION_PREFERS_STRING_CATALOGS = YES;
				MTL_ENABLE_DEBUG_INFO = INCLUDE_SOURCE;
				MTL_FAST_MATH = YES;
				ONLY_ACTIVE_ARCH = YES;
				SDKROOT = iphoneos;
				SWIFT_ACTIVE_COMPILATION_CONDITIONS = "DEBUG $(inherited)";
				SWIFT_OPTIMIZATION_LEVEL = "-Onone";
			};
			name = Debug;
		};
		FAEC07E02B142AF800841E80 /* Release */ = {
			isa = XCBuildConfiguration;
			buildSettings = {
				ALWAYS_SEARCH_USER_PATHS = NO;
				ASSETCATALOG_COMPILER_GENERATE_SWIFT_ASSET_SYMBOL_EXTENSIONS = YES;
				CLANG_ANALYZER_NONNULL = YES;
				CLANG_ANALYZER_NUMBER_OBJECT_CONVERSION = YES_AGGRESSIVE;
				CLANG_CXX_LANGUAGE_STANDARD = "gnu++20";
				CLANG_ENABLE_MODULES = YES;
				CLANG_ENABLE_OBJC_ARC = YES;
				CLANG_ENABLE_OBJC_WEAK = YES;
				CLANG_WARN_BLOCK_CAPTURE_AUTORELEASING = YES;
				CLANG_WARN_BOOL_CONVERSION = YES;
				CLANG_WARN_COMMA = YES;
				CLANG_WARN_CONSTANT_CONVERSION = YES;
				CLANG_WARN_DEPRECATED_OBJC_IMPLEMENTATIONS = YES;
				CLANG_WARN_DIRECT_OBJC_ISA_USAGE = YES_ERROR;
				CLANG_WARN_DOCUMENTATION_COMMENTS = YES;
				CLANG_WARN_EMPTY_BODY = YES;
				CLANG_WARN_ENUM_CONVERSION = YES;
				CLANG_WARN_INFINITE_RECURSION = YES;
				CLANG_WARN_INT_CONVERSION = YES;
				CLANG_WARN_NON_LITERAL_NULL_CONVERSION = YES;
				CLANG_WARN_OBJC_IMPLICIT_RETAIN_SELF = YES;
				CLANG_WARN_OBJC_LITERAL_CONVERSION = YES;
				CLANG_WARN_OBJC_ROOT_CLASS = YES_ERROR;
				CLANG_WARN_QUOTED_INCLUDE_IN_FRAMEWORK_HEADER = YES;
				CLANG_WARN_RANGE_LOOP_ANALYSIS = YES;
				CLANG_WARN_STRICT_PROTOTYPES = YES;
				CLANG_WARN_SUSPICIOUS_MOVE = YES;
				CLANG_WARN_UNGUARDED_AVAILABILITY = YES_AGGRESSIVE;
				CLANG_WARN_UNREACHABLE_CODE = YES;
				CLANG_WARN__DUPLICATE_METHOD_MATCH = YES;
				COPY_PHASE_STRIP = NO;
				DEBUG_INFORMATION_FORMAT = "dwarf-with-dsym";
				ENABLE_NS_ASSERTIONS = NO;
				ENABLE_STRICT_OBJC_MSGSEND = YES;
				ENABLE_USER_SCRIPT_SANDBOXING = YES;
				GCC_C_LANGUAGE_STANDARD = gnu17;
				GCC_NO_COMMON_BLOCKS = YES;
				GCC_WARN_64_TO_32_BIT_CONVERSION = YES;
				GCC_WARN_ABOUT_RETURN_TYPE = YES_ERROR;
				GCC_WARN_UNDECLARED_SELECTOR = YES;
				GCC_WARN_UNINITIALIZED_AUTOS = YES_AGGRESSIVE;
				GCC_WARN_UNUSED_FUNCTION = YES;
				GCC_WARN_UNUSED_VARIABLE = YES;
				IPHONEOS_DEPLOYMENT_TARGET = 17.5;
				LOCALIZATION_PREFERS_STRING_CATALOGS = YES;
				MTL_ENABLE_DEBUG_INFO = NO;
				MTL_FAST_MATH = YES;
				SDKROOT = iphoneos;
				SWIFT_COMPILATION_MODE = wholemodule;
				VALIDATE_PRODUCT = YES;
			};
			name = Release;
		};
		FAEC07E22B142AF800841E80 /* Debug */ = {
			isa = XCBuildConfiguration;
			buildSettings = {
				ASSETCATALOG_COMPILER_APPICON_NAME = AppIcon;
				ASSETCATALOG_COMPILER_GLOBAL_ACCENT_COLOR_NAME = AccentColor;
				CODE_SIGN_IDENTITY = "Apple Development";
				CODE_SIGN_STYLE = Automatic;
				CURRENT_PROJECT_VERSION = 1;
				DEVELOPMENT_ASSET_PATHS = "\"ArcheryAnalytics-SwiftUI/Preview Content\"";
				DEVELOPMENT_TEAM = 2RWD527YLU;
				ENABLE_PREVIEWS = YES;
				GENERATE_INFOPLIST_FILE = YES;
				INFOPLIST_KEY_CFBundleDisplayName = "Arrow Tracker";
				INFOPLIST_KEY_UIApplicationSceneManifest_Generation = YES;
				INFOPLIST_KEY_UIApplicationSupportsIndirectInputEvents = YES;
				INFOPLIST_KEY_UILaunchScreen_Generation = YES;
				INFOPLIST_KEY_UISupportedInterfaceOrientations_iPad = "UIInterfaceOrientationPortrait UIInterfaceOrientationPortraitUpsideDown UIInterfaceOrientationLandscapeLeft UIInterfaceOrientationLandscapeRight";
				INFOPLIST_KEY_UISupportedInterfaceOrientations_iPhone = "UIInterfaceOrientationPortrait UIInterfaceOrientationLandscapeLeft UIInterfaceOrientationLandscapeRight";
				IPHONEOS_DEPLOYMENT_TARGET = 17.5;
				LD_RUNPATH_SEARCH_PATHS = (
					"$(inherited)",
					"@executable_path/Frameworks",
				);
				MARKETING_VERSION = 1.0;
				PRODUCT_BUNDLE_IDENTIFIER = "deverdev.ArcheryAnalytics-SwiftUI";
				PRODUCT_NAME = "$(TARGET_NAME)";
				PROVISIONING_PROFILE_SPECIFIER = "";
				SWIFT_EMIT_LOC_STRINGS = YES;
				SWIFT_VERSION = 5.0;
				TARGETED_DEVICE_FAMILY = "1,2";
			};
			name = Debug;
		};
		FAEC07E32B142AF800841E80 /* Release */ = {
			isa = XCBuildConfiguration;
			buildSettings = {
				ASSETCATALOG_COMPILER_APPICON_NAME = AppIcon;
				ASSETCATALOG_COMPILER_GLOBAL_ACCENT_COLOR_NAME = AccentColor;
				CODE_SIGN_IDENTITY = "Apple Development";
				CODE_SIGN_STYLE = Automatic;
				CURRENT_PROJECT_VERSION = 1;
				DEVELOPMENT_ASSET_PATHS = "\"ArcheryAnalytics-SwiftUI/Preview Content\"";
				DEVELOPMENT_TEAM = 2RWD527YLU;
				ENABLE_PREVIEWS = YES;
				GENERATE_INFOPLIST_FILE = YES;
				INFOPLIST_KEY_CFBundleDisplayName = "Arrow Tracker";
				INFOPLIST_KEY_UIApplicationSceneManifest_Generation = YES;
				INFOPLIST_KEY_UIApplicationSupportsIndirectInputEvents = YES;
				INFOPLIST_KEY_UILaunchScreen_Generation = YES;
				INFOPLIST_KEY_UISupportedInterfaceOrientations_iPad = "UIInterfaceOrientationPortrait UIInterfaceOrientationPortraitUpsideDown UIInterfaceOrientationLandscapeLeft UIInterfaceOrientationLandscapeRight";
				INFOPLIST_KEY_UISupportedInterfaceOrientations_iPhone = "UIInterfaceOrientationPortrait UIInterfaceOrientationLandscapeLeft UIInterfaceOrientationLandscapeRight";
				IPHONEOS_DEPLOYMENT_TARGET = 17.5;
				LD_RUNPATH_SEARCH_PATHS = (
					"$(inherited)",
					"@executable_path/Frameworks",
				);
				MARKETING_VERSION = 1.0;
				PRODUCT_BUNDLE_IDENTIFIER = "deverdev.ArcheryAnalytics-SwiftUI";
				PRODUCT_NAME = "$(TARGET_NAME)";
				PROVISIONING_PROFILE_SPECIFIER = "";
				SWIFT_EMIT_LOC_STRINGS = YES;
				SWIFT_VERSION = 5.0;
				TARGETED_DEVICE_FAMILY = "1,2";
			};
			name = Release;
		};
/* End XCBuildConfiguration section */

/* Begin XCConfigurationList section */
		FAEC07CE2B142AF200841E80 /* Build configuration list for PBXProject "ArcheryAnalytics-SwiftUI" */ = {
			isa = XCConfigurationList;
			buildConfigurations = (
				FAEC07DF2B142AF800841E80 /* Debug */,
				FAEC07E02B142AF800841E80 /* Release */,
			);
			defaultConfigurationIsVisible = 0;
			defaultConfigurationName = Release;
		};
		FAEC07E12B142AF800841E80 /* Build configuration list for PBXNativeTarget "ArcheryAnalytics-SwiftUI" */ = {
			isa = XCConfigurationList;
			buildConfigurations = (
				FAEC07E22B142AF800841E80 /* Debug */,
				FAEC07E32B142AF800841E80 /* Release */,
			);
			defaultConfigurationIsVisible = 0;
			defaultConfigurationName = Release;
		};
/* End XCConfigurationList section */
	};
	rootObject = FAEC07CB2B142AF200841E80 /* Project object */;
}
